// !$*UTF8*$!
{
	archiveVersion = 1;
	classes = {
	};
	objectVersion = 77;
	objects = {

/* Begin PBXBuildFile section */
		EB7565D32E7B313E00DA3884 /* Assets.xcassets in Resources */ = {isa = PBXBuildFile; fileRef = EB7565C72E7B313E00DA3884 /* Assets.xcassets */; };
		EB7565D42E7B313E00DA3884 /* LevelView.swift in Sources */ = {isa = PBXBuildFile; fileRef = EB7565CD2E7B313E00DA3884 /* LevelView.swift */; };
		EB7565D52E7B313E00DA3884 /* LiquidGlassTabView.swift in Sources */ = {isa = PBXBuildFile; fileRef = EB7565CE2E7B313E00DA3884 /* LiquidGlassTabView.swift */; };
		EB7565D62E7B313E00DA3884 /* LearnView.swift in Sources */ = {isa = PBXBuildFile; fileRef = EB7565CB2E7B313E00DA3884 /* LearnView.swift */; };
		EB7565D72E7B313E00DA3884 /* infinityApp.swift in Sources */ = {isa = PBXBuildFile; fileRef = EB7565CA2E7B313E00DA3884 /* infinityApp.swift */; };
		EB7565D82E7B313E00DA3884 /* PathView.swift in Sources */ = {isa = PBXBuildFile; fileRef = EB7565D02E7B313E00DA3884 /* PathView.swift */; };
		EB7565D92E7B313E00DA3884 /* Startview.swift in Sources */ = {isa = PBXBuildFile; fileRef = EB7565D12E7B313E00DA3884 /* Startview.swift */; };
		EB7565DA2E7B313E00DA3884 /* LevelModel.swift in Sources */ = {isa = PBXBuildFile; fileRef = EB7565CC2E7B313E00DA3884 /* LevelModel.swift */; };
		EB7565DB2E7B313E00DA3884 /* ContentView.swift in Sources */ = {isa = PBXBuildFile; fileRef = EB7565C82E7B313E00DA3884 /* ContentView.swift */; };
		EB7565DD2E7B318000DA3884 /* LevelsProgressView.swift in Sources */ = {isa = PBXBuildFile; fileRef = EB7565DC2E7B318000DA3884 /* LevelsProgressView.swift */; };
		EB7565EA2E7B35FA00DA3884 /* CustomGameLevelView.swift in Sources */ = {isa = PBXBuildFile; fileRef = EB7565E92E7B35FA00DA3884 /* CustomGameLevelView.swift */; };
		EB75660A2E7F264000DA3884 /* Album.swift in Sources */ = {isa = PBXBuildFile; fileRef = EB7566092E7F264000DA3884 /* Album.swift */; };
		EB75660F2E7F27D800DA3884 /* AppIcon.jpeg in Resources */ = {isa = PBXBuildFile; fileRef = EB75660B2E7F27D800DA3884 /* AppIcon.jpeg */; };
		EB7566122E7F288700DA3884 /* Home.swift in Sources */ = {isa = PBXBuildFile; fileRef = EB7566112E7F288700DA3884 /* Home.swift */; };
		EB7566152E7F28BD00DA3884 /* HomeViewModel.swift in Sources */ = {isa = PBXBuildFile; fileRef = EB7566142E7F28BD00DA3884 /* HomeViewModel.swift */; };
		EB7566172E7F2B2100DA3884 /* CustomView.swift in Sources */ = {isa = PBXBuildFile; fileRef = EB7566162E7F2B2100DA3884 /* CustomView.swift */; };
		EB7566192E7F2C9300DA3884 /* ContentView2.swift in Sources */ = {isa = PBXBuildFile; fileRef = EB7566182E7F2C9200DA3884 /* ContentView2.swift */; };
		EB75661B2E7FD57900DA3884 /* AlbumDetail.swift in Sources */ = {isa = PBXBuildFile; fileRef = EB75661A2E7FD57900DA3884 /* AlbumDetail.swift */; };
		EB75661D2E7FD75F00DA3884 /* TestFile.swift in Sources */ = {isa = PBXBuildFile; fileRef = EB75661C2E7FD75F00DA3884 /* TestFile.swift */; };
		EB75661F2E803CAA00DA3884 /* Topic2View.swift in Sources */ = {isa = PBXBuildFile; fileRef = EB75661E2E803CAA00DA3884 /* Topic2View.swift */; };
		EB7566212E803CB600DA3884 /* Topic3View.swift in Sources */ = {isa = PBXBuildFile; fileRef = EB7566202E803CB600DA3884 /* Topic3View.swift */; };
		EB7566232E803CC500DA3884 /* Topic4View.swift in Sources */ = {isa = PBXBuildFile; fileRef = EB7566222E803CC500DA3884 /* Topic4View.swift */; };
		EB7566252E803CD300DA3884 /* Topic5View.swift in Sources */ = {isa = PBXBuildFile; fileRef = EB7566242E803CD300DA3884 /* Topic5View.swift */; };
		EB7566272E803CE800DA3884 /* Topic1View.swift in Sources */ = {isa = PBXBuildFile; fileRef = EB7566262E803CE800DA3884 /* Topic1View.swift */; };
/* End PBXBuildFile section */

/* Begin PBXFileReference section */
		EB7565992E7AF35800DA3884 /* infinity.app */ = {isa = PBXFileReference; explicitFileType = wrapper.application; includeInIndex = 0; path = infinity.app; sourceTree = BUILT_PRODUCTS_DIR; };
		EB7565C72E7B313E00DA3884 /* Assets.xcassets */ = {isa = PBXFileReference; lastKnownFileType = folder.assetcatalog; path = Assets.xcassets; sourceTree = "<group>"; };
		EB7565C82E7B313E00DA3884 /* ContentView.swift */ = {isa = PBXFileReference; lastKnownFileType = sourcecode.swift; path = ContentView.swift; sourceTree = "<group>"; };
		EB7565CA2E7B313E00DA3884 /* infinityApp.swift */ = {isa = PBXFileReference; lastKnownFileType = sourcecode.swift; path = infinityApp.swift; sourceTree = "<group>"; };
		EB7565CB2E7B313E00DA3884 /* LearnView.swift */ = {isa = PBXFileReference; lastKnownFileType = sourcecode.swift; path = LearnView.swift; sourceTree = "<group>"; };
		EB7565CC2E7B313E00DA3884 /* LevelModel.swift */ = {isa = PBXFileReference; lastKnownFileType = sourcecode.swift; path = LevelModel.swift; sourceTree = "<group>"; };
		EB7565CD2E7B313E00DA3884 /* LevelView.swift */ = {isa = PBXFileReference; lastKnownFileType = sourcecode.swift; path = LevelView.swift; sourceTree = "<group>"; };
		EB7565CE2E7B313E00DA3884 /* LiquidGlassTabView.swift */ = {isa = PBXFileReference; lastKnownFileType = sourcecode.swift; path = LiquidGlassTabView.swift; sourceTree = "<group>"; };
		EB7565D02E7B313E00DA3884 /* PathView.swift */ = {isa = PBXFileReference; lastKnownFileType = sourcecode.swift; path = PathView.swift; sourceTree = "<group>"; };
		EB7565D12E7B313E00DA3884 /* Startview.swift */ = {isa = PBXFileReference; lastKnownFileType = sourcecode.swift; path = Startview.swift; sourceTree = "<group>"; };
		EB7565DC2E7B318000DA3884 /* LevelsProgressView.swift */ = {isa = PBXFileReference; lastKnownFileType = sourcecode.swift; path = LevelsProgressView.swift; sourceTree = "<group>"; };
		EB7565E92E7B35FA00DA3884 /* CustomGameLevelView.swift */ = {isa = PBXFileReference; lastKnownFileType = sourcecode.swift; path = CustomGameLevelView.swift; sourceTree = "<group>"; };
		EB7566092E7F264000DA3884 /* Album.swift */ = {isa = PBXFileReference; lastKnownFileType = sourcecode.swift; path = Album.swift; sourceTree = "<group>"; };
		EB75660B2E7F27D800DA3884 /* AppIcon.jpeg */ = {isa = PBXFileReference; lastKnownFileType = image.jpeg; path = AppIcon.jpeg; sourceTree = "<group>"; };
		EB7566112E7F288700DA3884 /* Home.swift */ = {isa = PBXFileReference; lastKnownFileType = sourcecode.swift; path = Home.swift; sourceTree = "<group>"; };
		EB7566142E7F28BD00DA3884 /* HomeViewModel.swift */ = {isa = PBXFileReference; lastKnownFileType = sourcecode.swift; path = HomeViewModel.swift; sourceTree = "<group>"; };
		EB7566162E7F2B2100DA3884 /* CustomView.swift */ = {isa = PBXFileReference; lastKnownFileType = sourcecode.swift; path = CustomView.swift; sourceTree = "<group>"; };
		EB7566182E7F2C9200DA3884 /* ContentView2.swift */ = {isa = PBXFileReference; lastKnownFileType = sourcecode.swift; path = ContentView2.swift; sourceTree = "<group>"; };
		EB75661A2E7FD57900DA3884 /* AlbumDetail.swift */ = {isa = PBXFileReference; lastKnownFileType = sourcecode.swift; path = AlbumDetail.swift; sourceTree = "<group>"; };
		EB75661C2E7FD75F00DA3884 /* TestFile.swift */ = {isa = PBXFileReference; lastKnownFileType = sourcecode.swift; path = TestFile.swift; sourceTree = "<group>"; };
		EB75661E2E803CAA00DA3884 /* Topic2View.swift */ = {isa = PBXFileReference; lastKnownFileType = sourcecode.swift; path = Topic2View.swift; sourceTree = "<group>"; };
		EB7566202E803CB600DA3884 /* Topic3View.swift */ = {isa = PBXFileReference; lastKnownFileType = sourcecode.swift; path = Topic3View.swift; sourceTree = "<group>"; };
		EB7566222E803CC500DA3884 /* Topic4View.swift */ = {isa = PBXFileReference; lastKnownFileType = sourcecode.swift; path = Topic4View.swift; sourceTree = "<group>"; };
		EB7566242E803CD300DA3884 /* Topic5View.swift */ = {isa = PBXFileReference; lastKnownFileType = sourcecode.swift; path = Topic5View.swift; sourceTree = "<group>"; };
		EB7566262E803CE800DA3884 /* Topic1View.swift */ = {isa = PBXFileReference; lastKnownFileType = sourcecode.swift; path = Topic1View.swift; sourceTree = "<group>"; };
/* End PBXFileReference section */

/* Begin PBXFrameworksBuildPhase section */
		EB7565962E7AF35800DA3884 /* Frameworks */ = {
			isa = PBXFrameworksBuildPhase;
			buildActionMask = 2147483647;
			files = (
			);
			runOnlyForDeploymentPostprocessing = 0;
		};
/* End PBXFrameworksBuildPhase section */

/* Begin PBXGroup section */
		EB7565902E7AF35800DA3884 = {
			isa = PBXGroup;
			children = (
				EB7565E52E7B33F700DA3884 /* heyy */,
				EB75659A2E7AF35800DA3884 /* Products */,
			);
			sourceTree = "<group>";
		};
		EB75659A2E7AF35800DA3884 /* Products */ = {
			isa = PBXGroup;
			children = (
				EB7565992E7AF35800DA3884 /* infinity.app */,
			);
			name = Products;
			sourceTree = "<group>";
		};
		EB7565E42E7B33E900DA3884 /* Preview Content */ = {
			isa = PBXGroup;
			children = (
				EB75660B2E7F27D800DA3884 /* AppIcon.jpeg */,
				EB7565C72E7B313E00DA3884 /* Assets.xcassets */,
				EB7565CA2E7B313E00DA3884 /* infinityApp.swift */,
				EB7565C82E7B313E00DA3884 /* ContentView.swift */,
				EB7565CC2E7B313E00DA3884 /* LevelModel.swift */,
				EB7565E92E7B35FA00DA3884 /* CustomGameLevelView.swift */,
			);
			path = "Preview Content";
			sourceTree = "<group>";
		};
		EB7565E52E7B33F700DA3884 /* heyy */ = {
			isa = PBXGroup;
			children = (
				EB75665D2E82B97500DA3884 /* ExploreView */,
				EB7566132E7F289E00DA3884 /* ViewModel */,
				EB7565E82E7B352100DA3884 /* OtherViews */,
				EB7565E72E7B349100DA3884 /* LevelProgress */,
				EB7565E42E7B33E900DA3884 /* Preview Content */,
			);
			path = heyy;
			sourceTree = "<group>";
		};
		EB7565E72E7B349100DA3884 /* LevelProgress */ = {
			isa = PBXGroup;
			children = (
				EB7565DC2E7B318000DA3884 /* LevelsProgressView.swift */,
				EB7565CD2E7B313E00DA3884 /* LevelView.swift */,
				EB7565D02E7B313E00DA3884 /* PathView.swift */,
			);
			path = LevelProgress;
			sourceTree = "<group>";
		};
		EB7565E82E7B352100DA3884 /* OtherViews */ = {
			isa = PBXGroup;
			children = (
				EB7565D12E7B313E00DA3884 /* Startview.swift */,
				EB7565CE2E7B313E00DA3884 /* LiquidGlassTabView.swift */,
				EB7565CB2E7B313E00DA3884 /* LearnView.swift */,
			);
			path = OtherViews;
			sourceTree = "<group>";
		};
		EB7566132E7F289E00DA3884 /* ViewModel */ = {
			isa = PBXGroup;
			children = (
				EB7566282E805E9A00DA3884 /* TopicViews */,
				EB7566142E7F28BD00DA3884 /* HomeViewModel.swift */,
				EB7566112E7F288700DA3884 /* Home.swift */,
				EB7566092E7F264000DA3884 /* Album.swift */,
				EB7566162E7F2B2100DA3884 /* CustomView.swift */,
				EB7566182E7F2C9200DA3884 /* ContentView2.swift */,
				EB75661A2E7FD57900DA3884 /* AlbumDetail.swift */,
				EB75661C2E7FD75F00DA3884 /* TestFile.swift */,
			);
			path = ViewModel;
			sourceTree = "<group>";
		};
		EB7566282E805E9A00DA3884 /* TopicViews */ = {
			isa = PBXGroup;
			children = (
				EB7566262E803CE800DA3884 /* Topic1View.swift */,
				EB75661E2E803CAA00DA3884 /* Topic2View.swift */,
				EB7566202E803CB600DA3884 /* Topic3View.swift */,
				EB7566222E803CC500DA3884 /* Topic4View.swift */,
				EB7566242E803CD300DA3884 /* Topic5View.swift */,
			);
			path = TopicViews;
			sourceTree = "<group>";
		};
		EB75665D2E82B97500DA3884 /* ExploreView */ = {
			isa = PBXGroup;
			children = (
			);
			path = ExploreView;
			sourceTree = "<group>";
		};
/* End PBXGroup section */

/* Begin PBXNativeTarget section */
		EB7565982E7AF35800DA3884 /* infinity */ = {
			isa = PBXNativeTarget;
			buildConfigurationList = EB7565A42E7AF35B00DA3884 /* Build configuration list for PBXNativeTarget "infinity" */;
			buildPhases = (
				EB7565952E7AF35800DA3884 /* Sources */,
				EB7565962E7AF35800DA3884 /* Frameworks */,
				EB7565972E7AF35800DA3884 /* Resources */,
			);
			buildRules = (
			);
			dependencies = (
			);
			name = infinity;
			packageProductDependencies = (
			);
			productName = infinity;
			productReference = EB7565992E7AF35800DA3884 /* infinity.app */;
			productType = "com.apple.product-type.application";
		};
/* End PBXNativeTarget section */

/* Begin PBXProject section */
		EB7565912E7AF35800DA3884 /* Project object */ = {
			isa = PBXProject;
			attributes = {
				BuildIndependentTargetsInParallel = 1;
				LastSwiftUpdateCheck = 2600;
				LastUpgradeCheck = 2600;
				TargetAttributes = {
					EB7565982E7AF35800DA3884 = {
						CreatedOnToolsVersion = 26.0;
						LastSwiftMigration = 2600;
					};
				};
			};
			buildConfigurationList = EB7565942E7AF35800DA3884 /* Build configuration list for PBXProject "infinity" */;
			developmentRegion = en;
			hasScannedForEncodings = 0;
			knownRegions = (
				en,
				Base,
			);
			mainGroup = EB7565902E7AF35800DA3884;
			minimizedProjectReferenceProxies = 1;
			preferredProjectObjectVersion = 77;
			productRefGroup = EB75659A2E7AF35800DA3884 /* Products */;
			projectDirPath = "";
			projectRoot = "";
			targets = (
				EB7565982E7AF35800DA3884 /* infinity */,
			);
		};
/* End PBXProject section */

/* Begin PBXResourcesBuildPhase section */
		EB7565972E7AF35800DA3884 /* Resources */ = {
			isa = PBXResourcesBuildPhase;
			buildActionMask = 2147483647;
			files = (
				EB7565D32E7B313E00DA3884 /* Assets.xcassets in Resources */,
				EB75660F2E7F27D800DA3884 /* AppIcon.jpeg in Resources */,
			);
			runOnlyForDeploymentPostprocessing = 0;
		};
/* End PBXResourcesBuildPhase section */

/* Begin PBXSourcesBuildPhase section */
		EB7565952E7AF35800DA3884 /* Sources */ = {
			isa = PBXSourcesBuildPhase;
			buildActionMask = 2147483647;
			files = (
				EB75661B2E7FD57900DA3884 /* AlbumDetail.swift in Sources */,
				EB7565D42E7B313E00DA3884 /* LevelView.swift in Sources */,
				EB7565D52E7B313E00DA3884 /* LiquidGlassTabView.swift in Sources */,
				EB75661D2E7FD75F00DA3884 /* TestFile.swift in Sources */,
				EB7565EA2E7B35FA00DA3884 /* CustomGameLevelView.swift in Sources */,
				EB7566192E7F2C9300DA3884 /* ContentView2.swift in Sources */,
				EB7566172E7F2B2100DA3884 /* CustomView.swift in Sources */,
				EB75661F2E803CAA00DA3884 /* Topic2View.swift in Sources */,
				EB7565DD2E7B318000DA3884 /* LevelsProgressView.swift in Sources */,
				EB7566232E803CC500DA3884 /* Topic4View.swift in Sources */,
				EB7565D62E7B313E00DA3884 /* LearnView.swift in Sources */,
				EB7565D72E7B313E00DA3884 /* infinityApp.swift in Sources */,
				EB7566252E803CD300DA3884 /* Topic5View.swift in Sources */,
				EB7565D82E7B313E00DA3884 /* PathView.swift in Sources */,
				EB7565D92E7B313E00DA3884 /* Startview.swift in Sources */,
				EB7566152E7F28BD00DA3884 /* HomeViewModel.swift in Sources */,
				EB7566272E803CE800DA3884 /* Topic1View.swift in Sources */,
				EB75660A2E7F264000DA3884 /* Album.swift in Sources */,
				EB7566212E803CB600DA3884 /* Topic3View.swift in Sources */,
				EB7565DA2E7B313E00DA3884 /* LevelModel.swift in Sources */,
				EB7566122E7F288700DA3884 /* Home.swift in Sources */,
				EB7565DB2E7B313E00DA3884 /* ContentView.swift in Sources */,
			);
			runOnlyForDeploymentPostprocessing = 0;
		};
/* End PBXSourcesBuildPhase section */

/* Begin XCBuildConfiguration section */
		EB7565A22E7AF35B00DA3884 /* Debug */ = {
			isa = XCBuildConfiguration;
			buildSettings = {
				ALWAYS_SEARCH_USER_PATHS = NO;
				ASSETCATALOG_COMPILER_GENERATE_SWIFT_ASSET_SYMBOL_EXTENSIONS = YES;
				CLANG_ANALYZER_NONNULL = YES;
				CLANG_ANALYZER_NUMBER_OBJECT_CONVERSION = YES_AGGRESSIVE;
				CLANG_CXX_LANGUAGE_STANDARD = "gnu++20";
				CLANG_ENABLE_MODULES = YES;
				CLANG_ENABLE_OBJC_ARC = YES;
				CLANG_ENABLE_OBJC_WEAK = YES;
				CLANG_WARN_BLOCK_CAPTURE_AUTORELEASING = YES;
				CLANG_WARN_BOOL_CONVERSION = YES;
				CLANG_WARN_COMMA = YES;
				CLANG_WARN_CONSTANT_CONVERSION = YES;
				CLANG_WARN_DEPRECATED_OBJC_IMPLEMENTATIONS = YES;
				CLANG_WARN_DIRECT_OBJC_ISA_USAGE = YES_ERROR;
				CLANG_WARN_DOCUMENTATION_COMMENTS = YES;
				CLANG_WARN_EMPTY_BODY = YES;
				CLANG_WARN_ENUM_CONVERSION = YES;
				CLANG_WARN_INFINITE_RECURSION = YES;
				CLANG_WARN_INT_CONVERSION = YES;
				CLANG_WARN_NON_LITERAL_NULL_CONVERSION = YES;
				CLANG_WARN_OBJC_IMPLICIT_RETAIN_SELF = YES;
				CLANG_WARN_OBJC_LITERAL_CONVERSION = YES;
				CLANG_WARN_OBJC_ROOT_CLASS = YES_ERROR;
				CLANG_WARN_QUOTED_INCLUDE_IN_FRAMEWORK_HEADER = YES;
				CLANG_WARN_RANGE_LOOP_ANALYSIS = YES;
				CLANG_WARN_STRICT_PROTOTYPES = YES;
				CLANG_WARN_SUSPICIOUS_MOVE = YES;
				CLANG_WARN_UNGUARDED_AVAILABILITY = YES_AGGRESSIVE;
				CLANG_WARN_UNREACHABLE_CODE = YES;
				CLANG_WARN__DUPLICATE_METHOD_MATCH = YES;
				COPY_PHASE_STRIP = NO;
				DEBUG_INFORMATION_FORMAT = dwarf;
				ENABLE_STRICT_OBJC_MSGSEND = YES;
				ENABLE_TESTABILITY = YES;
				ENABLE_USER_SCRIPT_SANDBOXING = YES;
				GCC_C_LANGUAGE_STANDARD = gnu17;
				GCC_DYNAMIC_NO_PIC = NO;
				GCC_NO_COMMON_BLOCKS = YES;
				GCC_OPTIMIZATION_LEVEL = 0;
				GCC_PREPROCESSOR_DEFINITIONS = (
					"DEBUG=1",
					"$(inherited)",
				);
				GCC_WARN_64_TO_32_BIT_CONVERSION = YES;
				GCC_WARN_ABOUT_RETURN_TYPE = YES_ERROR;
				GCC_WARN_UNDECLARED_SELECTOR = YES;
				GCC_WARN_UNINITIALIZED_AUTOS = YES_AGGRESSIVE;
				GCC_WARN_UNUSED_FUNCTION = YES;
				GCC_WARN_UNUSED_VARIABLE = YES;
				IPHONEOS_DEPLOYMENT_TARGET = 26.0;
				LOCALIZATION_PREFERS_STRING_CATALOGS = YES;
				MTL_ENABLE_DEBUG_INFO = INCLUDE_SOURCE;
				MTL_FAST_MATH = YES;
				ONLY_ACTIVE_ARCH = YES;
				SDKROOT = iphoneos;
				SWIFT_ACTIVE_COMPILATION_CONDITIONS = "DEBUG $(inherited)";
				SWIFT_OPTIMIZATION_LEVEL = "-Onone";
			};
			name = Debug;
		};
		EB7565A32E7AF35B00DA3884 /* Release */ = {
			isa = XCBuildConfiguration;
			buildSettings = {
				ALWAYS_SEARCH_USER_PATHS = NO;
				ASSETCATALOG_COMPILER_GENERATE_SWIFT_ASSET_SYMBOL_EXTENSIONS = YES;
				CLANG_ANALYZER_NONNULL = YES;
				CLANG_ANALYZER_NUMBER_OBJECT_CONVERSION = YES_AGGRESSIVE;
				CLANG_CXX_LANGUAGE_STANDARD = "gnu++20";
				CLANG_ENABLE_MODULES = YES;
				CLANG_ENABLE_OBJC_ARC = YES;
				CLANG_ENABLE_OBJC_WEAK = YES;
				CLANG_WARN_BLOCK_CAPTURE_AUTORELEASING = YES;
				CLANG_WARN_BOOL_CONVERSION = YES;
				CLANG_WARN_COMMA = YES;
				CLANG_WARN_CONSTANT_CONVERSION = YES;
				CLANG_WARN_DEPRECATED_OBJC_IMPLEMENTATIONS = YES;
				CLANG_WARN_DIRECT_OBJC_ISA_USAGE = YES_ERROR;
				CLANG_WARN_DOCUMENTATION_COMMENTS = YES;
				CLANG_WARN_EMPTY_BODY = YES;
				CLANG_WARN_ENUM_CONVERSION = YES;
				CLANG_WARN_INFINITE_RECURSION = YES;
				CLANG_WARN_INT_CONVERSION = YES;
				CLANG_WARN_NON_LITERAL_NULL_CONVERSION = YES;
				CLANG_WARN_OBJC_IMPLICIT_RETAIN_SELF = YES;
				CLANG_WARN_OBJC_LITERAL_CONVERSION = YES;
				CLANG_WARN_OBJC_ROOT_CLASS = YES_ERROR;
				CLANG_WARN_QUOTED_INCLUDE_IN_FRAMEWORK_HEADER = YES;
				CLANG_WARN_RANGE_LOOP_ANALYSIS = YES;
				CLANG_WARN_STRICT_PROTOTYPES = YES;
				CLANG_WARN_SUSPICIOUS_MOVE = YES;
				CLANG_WARN_UNGUARDED_AVAILABILITY = YES_AGGRESSIVE;
				CLANG_WARN_UNREACHABLE_CODE = YES;
				CLANG_WARN__DUPLICATE_METHOD_MATCH = YES;
				COPY_PHASE_STRIP = NO;
				DEBUG_INFORMATION_FORMAT = "dwarf-with-dsym";
				ENABLE_NS_ASSERTIONS = NO;
				ENABLE_STRICT_OBJC_MSGSEND = YES;
				ENABLE_USER_SCRIPT_SANDBOXING = YES;
				GCC_C_LANGUAGE_STANDARD = gnu17;
				GCC_NO_COMMON_BLOCKS = YES;
				GCC_WARN_64_TO_32_BIT_CONVERSION = YES;
				GCC_WARN_ABOUT_RETURN_TYPE = YES_ERROR;
				GCC_WARN_UNDECLARED_SELECTOR = YES;
				GCC_WARN_UNINITIALIZED_AUTOS = YES_AGGRESSIVE;
				GCC_WARN_UNUSED_FUNCTION = YES;
				GCC_WARN_UNUSED_VARIABLE = YES;
				IPHONEOS_DEPLOYMENT_TARGET = 26.0;
				LOCALIZATION_PREFERS_STRING_CATALOGS = YES;
				MTL_ENABLE_DEBUG_INFO = NO;
				MTL_FAST_MATH = YES;
				SDKROOT = iphoneos;
				SWIFT_COMPILATION_MODE = wholemodule;
				VALIDATE_PRODUCT = YES;
			};
			name = Release;
		};
		EB7565A52E7AF35B00DA3884 /* Debug */ = {
			isa = XCBuildConfiguration;
			buildSettings = {
				ASSETCATALOG_COMPILER_APPICON_NAME = AppIcon;
				ASSETCATALOG_COMPILER_GLOBAL_ACCENT_COLOR_NAME = AccentColor;
				CLANG_ENABLE_MODULES = YES;
				CODE_SIGN_STYLE = Automatic;
				CURRENT_PROJECT_VERSION = 1;
				ENABLE_PREVIEWS = YES;
				GENERATE_INFOPLIST_FILE = YES;
				INFOPLIST_KEY_UIApplicationSceneManifest_Generation = YES;
				INFOPLIST_KEY_UIApplicationSupportsIndirectInputEvents = YES;
				INFOPLIST_KEY_UILaunchScreen_Generation = YES;
				INFOPLIST_KEY_UISupportedInterfaceOrientations_iPad = "UIInterfaceOrientationPortrait UIInterfaceOrientationPortraitUpsideDown UIInterfaceOrientationLandscapeLeft UIInterfaceOrientationLandscapeRight";
				INFOPLIST_KEY_UISupportedInterfaceOrientations_iPhone = "UIInterfaceOrientationPortrait UIInterfaceOrientationLandscapeLeft UIInterfaceOrientationLandscapeRight";
				IPHONEOS_DEPLOYMENT_TARGET = 26;
				LD_RUNPATH_SEARCH_PATHS = (
					"$(inherited)",
					"@executable_path/Frameworks",
				);
				MARKETING_VERSION = 1.0;
				PRODUCT_BUNDLE_IDENTIFIER = com.malla.infinity;
				PRODUCT_NAME = "$(TARGET_NAME)";
				STRING_CATALOG_GENERATE_SYMBOLS = YES;
				SWIFT_APPROACHABLE_CONCURRENCY = YES;
				SWIFT_DEFAULT_ACTOR_ISOLATION = MainActor;
				SWIFT_EMIT_LOC_STRINGS = YES;
				SWIFT_OPTIMIZATION_LEVEL = "-Onone";
				SWIFT_UPCOMING_FEATURE_MEMBER_IMPORT_VISIBILITY = YES;
				SWIFT_VERSION = 5.0;
				TARGETED_DEVICE_FAMILY = "1,2";
			};
			name = Debug;
		};
		EB7565A62E7AF35B00DA3884 /* Release */ = {
			isa = XCBuildConfiguration;
			buildSettings = {
				ASSETCATALOG_COMPILER_APPICON_NAME = AppIcon;
				ASSETCATALOG_COMPILER_GLOBAL_ACCENT_COLOR_NAME = AccentColor;
				CLANG_ENABLE_MODULES = YES;
				CODE_SIGN_STYLE = Automatic;
				CURRENT_PROJECT_VERSION = 1;
				ENABLE_PREVIEWS = YES;
				GENERATE_INFOPLIST_FILE = YES;
				INFOPLIST_KEY_UIApplicationSceneManifest_Generation = YES;
				INFOPLIST_KEY_UIApplicationSupportsIndirectInputEvents = YES;
				INFOPLIST_KEY_UILaunchScreen_Generation = YES;
				INFOPLIST_KEY_UISupportedInterfaceOrientations_iPad = "UIInterfaceOrientationPortrait UIInterfaceOrientationPortraitUpsideDown UIInterfaceOrientationLandscapeLeft UIInterfaceOrientationLandscapeRight";
				INFOPLIST_KEY_UISupportedInterfaceOrientations_iPhone = "UIInterfaceOrientationPortrait UIInterfaceOrientationLandscapeLeft UIInterfaceOrientationLandscapeRight";
				IPHONEOS_DEPLOYMENT_TARGET = 26;
				LD_RUNPATH_SEARCH_PATHS = (
					"$(inherited)",
					"@executable_path/Frameworks",
				);
				MARKETING_VERSION = 1.0;
				PRODUCT_BUNDLE_IDENTIFIER = com.malla.infinity;
				PRODUCT_NAME = "$(TARGET_NAME)";
				STRING_CATALOG_GENERATE_SYMBOLS = YES;
				SWIFT_APPROACHABLE_CONCURRENCY = YES;
				SWIFT_DEFAULT_ACTOR_ISOLATION = MainActor;
				SWIFT_EMIT_LOC_STRINGS = YES;
				SWIFT_UPCOMING_FEATURE_MEMBER_IMPORT_VISIBILITY = YES;
				SWIFT_VERSION = 5.0;
				TARGETED_DEVICE_FAMILY = "1,2";
			};
			name = Release;
		};
/* End XCBuildConfiguration section */

/* Begin XCConfigurationList section */
		EB7565942E7AF35800DA3884 /* Build configuration list for PBXProject "infinity" */ = {
			isa = XCConfigurationList;
			buildConfigurations = (
				EB7565A22E7AF35B00DA3884 /* Debug */,
				EB7565A32E7AF35B00DA3884 /* Release */,
			);
			defaultConfigurationIsVisible = 0;
			defaultConfigurationName = Release;
		};
		EB7565A42E7AF35B00DA3884 /* Build configuration list for PBXNativeTarget "infinity" */ = {
			isa = XCConfigurationList;
			buildConfigurations = (
				EB7565A52E7AF35B00DA3884 /* Debug */,
				EB7565A62E7AF35B00DA3884 /* Release */,
			);
			defaultConfigurationIsVisible = 0;
			defaultConfigurationName = Release;
		};
/* End XCConfigurationList section */
	};
	rootObject = EB7565912E7AF35800DA3884 /* Project object */;
}
